
Microsoft Visual Studio Solution File, Format Version 12.00
# Visual Studio 15
VisualStudioVersion = 15.0.28307.645
MinimumVisualStudioVersion = 10.0.40219.1
Project("{FAE04EC0-301F-11D3-BF4B-00C04F79EFBC}") = "Ame", "Ame\Ame.csproj", "{10DE4F4F-74B4-4A41-86BE-E5A28CCE0D5B}"
EndProject
Global
	GlobalSection(SolutionConfigurationPlatforms) = preSolution
		Debug|Any CPU = Debug|Any CPU
		Release|Any CPU = Release|Any CPU
	EndGlobalSection
	GlobalSection(ProjectConfigurationPlatforms) = postSolution
		{10DE4F4F-74B4-4A41-86BE-E5A28CCE0D5B}.Debug|Any CPU.ActiveCfg = Debug|Any CPU
		{10DE4F4F-74B4-4A41-86BE-E5A28CCE0D5B}.Debug|Any CPU.Build.0 = Debug|Any CPU
		{10DE4F4F-74B4-4A41-86BE-E5A28CCE0D5B}.Release|Any CPU.ActiveCfg = Release|Any CPU
		{10DE4F4F-74B4-4A41-86BE-E5A28CCE0D5B}.Release|Any CPU.Build.0 = Release|Any CPU
	EndGlobalSection
	GlobalSection(SolutionProperties) = preSolution
		HideSolutionNode = FALSE
	EndGlobalSection
	GlobalSection(ExtensibilityGlobals) = postSolution
		SolutionGuid = {78BC99A4-0CE9-4752-B089-B50E6AD47E9A}
	EndGlobalSection
EndGlobal
